{
  "name": "vitecontract",
  "version": "1.0.0",
  "lockfileVersion": 1,
  "requires": true,
  "dependencies": {
    "bignumber.js": {
      "version": "7.2.1",
      "resolved": "http://registry.npm.taobao.org/bignumber.js/download/bignumber.js-7.2.1.tgz",
      "integrity": "sha1-gMBIdZ2CaACAfEv9Uh5Q7bulel8="
    },
    "es6-promisify": {
      "version": "6.0.0",
      "resolved": "http://registry.npm.taobao.org/es6-promisify/download/es6-promisify-6.0.0.tgz",
      "integrity": "sha1-tSanXqpcpgDpYL89WtmMQNdccgM="
    },
    "lodash": {
      "version": "4.17.10",
      "resolved": "http://registry.npm.taobao.org/lodash/download/lodash-4.17.10.tgz",
      "integrity": "sha1-G3eTz3JZ6jj7NmHU04syYK+K5Oc="
    }
  }
}
